
Microsoft Visual Studio Solution File, Format Version 12.00
# Visual Studio 2013
VisualStudioVersion = 12.0.31101.0
MinimumVisualStudioVersion = 10.0.40219.1
Project("{8BC9CEB8-8B4A-11D0-8D11-00A0C91BC942}") = "periodic", "periodic\periodic.vcxproj", "{16888AC4-0062-4D0B-81C9-B35063AFFE40}"
	ProjectSection(ProjectDependencies) = postProject
		{4ED82FEC-80C1-40F1-ABF7-53AF11DCFDEF} = {4ED82FEC-80C1-40F1-ABF7-53AF11DCFDEF}
	EndProjectSection
EndProject
Project("{FAE04EC0-301F-11D3-BF4B-00C04F79EFBC}") = "FontGen", "FontGen\FontGen.csproj", "{4ED82FEC-80C1-40F1-ABF7-53AF11DCFDEF}"
EndProject
Project("{8BC9CEB8-8B4A-11D0-8D11-00A0C91BC942}") = "periodic-tests", "periodic-tests\periodic-tests.vcxproj", "{B0387306-B94F-4286-BF18-839A61D2C64B}"
	ProjectSection(ProjectDependencies) = postProject
		{B55747BD-0A02-4589-8128-381B496C7EA7} = {B55747BD-0A02-4589-8128-381B496C7EA7}
		{16888AC4-0062-4D0B-81C9-B35063AFFE40} = {16888AC4-0062-4D0B-81C9-B35063AFFE40}
	EndProjectSection
EndProject
Project("{FAE04EC0-301F-11D3-BF4B-00C04F79EFBC}") = "TestRunner", "TestRunner\TestRunner.csproj", "{B55747BD-0A02-4589-8128-381B496C7EA7}"
EndProject
Global
	GlobalSection(SolutionConfigurationPlatforms) = preSolution
		Debug|Sifteo = Debug|Sifteo
		Debug|Win32 = Debug|Win32
		Release|Sifteo = Release|Sifteo
		Release|Win32 = Release|Win32
	EndGlobalSection
	GlobalSection(ProjectConfigurationPlatforms) = postSolution
		{16888AC4-0062-4D0B-81C9-B35063AFFE40}.Debug|Sifteo.ActiveCfg = Debug|ARM
		{16888AC4-0062-4D0B-81C9-B35063AFFE40}.Debug|Sifteo.Build.0 = Debug|ARM
		{16888AC4-0062-4D0B-81C9-B35063AFFE40}.Debug|Win32.ActiveCfg = Debug|Win32
		{16888AC4-0062-4D0B-81C9-B35063AFFE40}.Debug|Win32.Build.0 = Debug|Win32
		{16888AC4-0062-4D0B-81C9-B35063AFFE40}.Release|Sifteo.ActiveCfg = Release|ARM
		{16888AC4-0062-4D0B-81C9-B35063AFFE40}.Release|Sifteo.Build.0 = Release|ARM
		{16888AC4-0062-4D0B-81C9-B35063AFFE40}.Release|Win32.ActiveCfg = Release|Win32
		{16888AC4-0062-4D0B-81C9-B35063AFFE40}.Release|Win32.Build.0 = Release|Win32
		{4ED82FEC-80C1-40F1-ABF7-53AF11DCFDEF}.Debug|Sifteo.ActiveCfg = Debug|Any CPU
		{4ED82FEC-80C1-40F1-ABF7-53AF11DCFDEF}.Debug|Sifteo.Build.0 = Debug|Any CPU
		{4ED82FEC-80C1-40F1-ABF7-53AF11DCFDEF}.Debug|Win32.ActiveCfg = Debug|Any CPU
		{4ED82FEC-80C1-40F1-ABF7-53AF11DCFDEF}.Debug|Win32.Build.0 = Debug|Any CPU
		{4ED82FEC-80C1-40F1-ABF7-53AF11DCFDEF}.Release|Sifteo.ActiveCfg = Release|Any CPU
		{4ED82FEC-80C1-40F1-ABF7-53AF11DCFDEF}.Release|Sifteo.Build.0 = Release|Any CPU
		{4ED82FEC-80C1-40F1-ABF7-53AF11DCFDEF}.Release|Win32.ActiveCfg = Release|Any CPU
		{4ED82FEC-80C1-40F1-ABF7-53AF11DCFDEF}.Release|Win32.Build.0 = Release|Any CPU
		{B0387306-B94F-4286-BF18-839A61D2C64B}.Debug|Sifteo.ActiveCfg = Debug|Win32
		{B0387306-B94F-4286-BF18-839A61D2C64B}.Debug|Sifteo.Build.0 = Debug|Win32
		{B0387306-B94F-4286-BF18-839A61D2C64B}.Debug|Win32.ActiveCfg = Debug|Win32
		{B0387306-B94F-4286-BF18-839A61D2C64B}.Debug|Win32.Build.0 = Debug|Win32
		{B0387306-B94F-4286-BF18-839A61D2C64B}.Release|Sifteo.ActiveCfg = Release|Win32
		{B0387306-B94F-4286-BF18-839A61D2C64B}.Release|Sifteo.Build.0 = Release|Win32
		{B0387306-B94F-4286-BF18-839A61D2C64B}.Release|Win32.ActiveCfg = Release|Win32
		{B0387306-B94F-4286-BF18-839A61D2C64B}.Release|Win32.Build.0 = Release|Win32
		{B55747BD-0A02-4589-8128-381B496C7EA7}.Debug|Sifteo.ActiveCfg = Debug|Any CPU
		{B55747BD-0A02-4589-8128-381B496C7EA7}.Debug|Sifteo.Build.0 = Debug|Any CPU
		{B55747BD-0A02-4589-8128-381B496C7EA7}.Debug|Win32.ActiveCfg = Debug|Any CPU
		{B55747BD-0A02-4589-8128-381B496C7EA7}.Release|Sifteo.ActiveCfg = Release|Any CPU
		{B55747BD-0A02-4589-8128-381B496C7EA7}.Release|Sifteo.Build.0 = Release|Any CPU
		{B55747BD-0A02-4589-8128-381B496C7EA7}.Release|Win32.ActiveCfg = Release|Any CPU
	EndGlobalSection
	GlobalSection(SolutionProperties) = preSolution
		HideSolutionNode = FALSE
	EndGlobalSection
EndGlobal
