
Microsoft Visual Studio Solution File, Format Version 12.00
# Visual Studio 2013
VisualStudioVersion = 12.0.30723.0
MinimumVisualStudioVersion = 10.0.40219.1
Project("{8BC9CEB8-8B4A-11D0-8D11-00A0C91BC942}") = "periodic", "periodic\periodic.vcxproj", "{16888AC4-0062-4D0B-81C9-B35063AFFE40}"
EndProject
Project("{FAE04EC0-301F-11D3-BF4B-00C04F79EFBC}") = "FontGen", "FontGen\FontGen.csproj", "{4ED82FEC-80C1-40F1-ABF7-53AF11DCFDEF}"
EndProject
Global
	GlobalSection(SolutionConfigurationPlatforms) = preSolution
		Debug|Mixed Platforms = Debug|Mixed Platforms
		Release|Mixed Platforms = Release|Mixed Platforms
	EndGlobalSection
	GlobalSection(ProjectConfigurationPlatforms) = postSolution
		{16888AC4-0062-4D0B-81C9-B35063AFFE40}.Debug|Mixed Platforms.ActiveCfg = Debug|Win32
		{16888AC4-0062-4D0B-81C9-B35063AFFE40}.Debug|Mixed Platforms.Build.0 = Debug|Win32
		{16888AC4-0062-4D0B-81C9-B35063AFFE40}.Release|Mixed Platforms.ActiveCfg = Release|Win32
		{16888AC4-0062-4D0B-81C9-B35063AFFE40}.Release|Mixed Platforms.Build.0 = Release|Win32
		{4ED82FEC-80C1-40F1-ABF7-53AF11DCFDEF}.Debug|Mixed Platforms.ActiveCfg = Debug|Any CPU
		{4ED82FEC-80C1-40F1-ABF7-53AF11DCFDEF}.Debug|Mixed Platforms.Build.0 = Debug|Any CPU
		{4ED82FEC-80C1-40F1-ABF7-53AF11DCFDEF}.Release|Mixed Platforms.ActiveCfg = Release|Any CPU
		{4ED82FEC-80C1-40F1-ABF7-53AF11DCFDEF}.Release|Mixed Platforms.Build.0 = Release|Any CPU
	EndGlobalSection
	GlobalSection(SolutionProperties) = preSolution
		HideSolutionNode = FALSE
	EndGlobalSection
EndGlobal
