<?xml version="1.0" encoding="utf-8"?>
<Project ToolsVersion="4.0" xmlns="http://schemas.microsoft.com/developer/msbuild/2003">
  <ItemGroup>
    <None Include="Makefile" />
    <None Include="assets.lua" />
  </ItemGroup>
  <ItemGroup>
    <ClCompile Include="main.cpp" />
    <ClCompile Include="assets.gen.cpp">
      <Filter>Generated</Filter>
    </ClCompile>
    <ClCompile Include="coders_crux.gen.cpp">
      <Filter>Generated</Filter>
    </ClCompile>
    <ClCompile Include="ElementCube.cpp" />
    <ClCompile Include="Element.cpp" />
    <ClCompile Include="periodic.cpp" />
    <ClCompile Include="number_font.cpp" />
    <ClCompile Include="Reaction.cpp" />
    <ClCompile Include="Bond.cpp" />
    <ClCompile Include="BondSolution.cpp" />
    <ClCompile Include="Compound.cpp" />
    <ClCompile Include="Reaction.Process.cpp" />
    <ClCompile Include="Node.cpp" />
    <ClCompile Include="Trie.cpp" />
    <ClCompile Include="LinkedList.cpp" />
  </ItemGroup>
  <ItemGroup>
    <Image Include="icon.png" />
  </ItemGroup>
  <ItemGroup>
    <ClInclude Include="assets.gen.h">
      <Filter>Generated</Filter>
    </ClInclude>
    <ClInclude Include="coders_crux.gen.h">
      <Filter>Generated</Filter>
    </ClInclude>
    <ClInclude Include="periodic.h" />
    <ClInclude Include="ElementCube.h" />
    <ClInclude Include="Element.h" />
    <ClInclude Include="number_font.h" />
    <ClInclude Include="ObjectPool.h" />
    <ClInclude Include="Reaction.h" />
    <ClInclude Include="Bond.h" />
    <ClInclude Include="BondSolution.h" />
    <ClInclude Include="Set.h" />
    <ClInclude Include="Compound.h" />
    <ClInclude Include="ElementSet.h" />
    <ClInclude Include="Node.h" />
    <ClInclude Include="Trie.h" />
    <ClInclude Include="LinkedList.h" />
  </ItemGroup>
  <ItemGroup>
    <Filter Include="Generated">
      <UniqueIdentifier>{44ee09c8-e397-40eb-968e-27a0f036ebc8}</UniqueIdentifier>
    </Filter>
  </ItemGroup>
</Project>